
Microsoft Visual Studio Solution File, Format Version 12.00
# Visual Studio 15
VisualStudioVersion = 15.0.28307.572
MinimumVisualStudioVersion = 10.0.40219.1
Project("{9A19103F-16F7-4668-BE54-9A1E7A4F7556}") = "SODbLoad", "SODbLoad\SODbLoad.csproj", "{89323820-681F-4A47-8238-4E3EC2A6536F}"
EndProject
Project("{FAE04EC0-301F-11D3-BF4B-00C04F79EFBC}") = "SODbLoadV2", "SODbLoadV2\SODbLoadV2.csproj", "{DAA3BF8F-EC75-4093-8D06-6A1DC89594A9}"
EndProject
Global
	GlobalSection(SolutionConfigurationPlatforms) = preSolution
		Debug|Any CPU = Debug|Any CPU
		Debug|ARM = Debug|ARM
		Debug|ARM64 = Debug|ARM64
		Debug|x64 = Debug|x64
		Debug|x86 = Debug|x86
		Release|Any CPU = Release|Any CPU
		Release|ARM = Release|ARM
		Release|ARM64 = Release|ARM64
		Release|x64 = Release|x64
		Release|x86 = Release|x86
	EndGlobalSection
	GlobalSection(ProjectConfigurationPlatforms) = postSolution
		{89323820-681F-4A47-8238-4E3EC2A6536F}.Debug|Any CPU.ActiveCfg = Debug|Any CPU
		{89323820-681F-4A47-8238-4E3EC2A6536F}.Debug|Any CPU.Build.0 = Debug|Any CPU
		{89323820-681F-4A47-8238-4E3EC2A6536F}.Debug|ARM.ActiveCfg = Debug|Any CPU
		{89323820-681F-4A47-8238-4E3EC2A6536F}.Debug|ARM.Build.0 = Debug|Any CPU
		{89323820-681F-4A47-8238-4E3EC2A6536F}.Debug|ARM64.ActiveCfg = Debug|Any CPU
		{89323820-681F-4A47-8238-4E3EC2A6536F}.Debug|ARM64.Build.0 = Debug|Any CPU
		{89323820-681F-4A47-8238-4E3EC2A6536F}.Debug|x64.ActiveCfg = Debug|Any CPU
		{89323820-681F-4A47-8238-4E3EC2A6536F}.Debug|x64.Build.0 = Debug|Any CPU
		{89323820-681F-4A47-8238-4E3EC2A6536F}.Debug|x86.ActiveCfg = Debug|Any CPU
		{89323820-681F-4A47-8238-4E3EC2A6536F}.Debug|x86.Build.0 = Debug|Any CPU
		{89323820-681F-4A47-8238-4E3EC2A6536F}.Release|Any CPU.ActiveCfg = Release|Any CPU
		{89323820-681F-4A47-8238-4E3EC2A6536F}.Release|Any CPU.Build.0 = Release|Any CPU
		{89323820-681F-4A47-8238-4E3EC2A6536F}.Release|ARM.ActiveCfg = Release|Any CPU
		{89323820-681F-4A47-8238-4E3EC2A6536F}.Release|ARM.Build.0 = Release|Any CPU
		{89323820-681F-4A47-8238-4E3EC2A6536F}.Release|ARM64.ActiveCfg = Release|Any CPU
		{89323820-681F-4A47-8238-4E3EC2A6536F}.Release|ARM64.Build.0 = Release|Any CPU
		{89323820-681F-4A47-8238-4E3EC2A6536F}.Release|x64.ActiveCfg = Release|Any CPU
		{89323820-681F-4A47-8238-4E3EC2A6536F}.Release|x64.Build.0 = Release|Any CPU
		{89323820-681F-4A47-8238-4E3EC2A6536F}.Release|x86.ActiveCfg = Release|Any CPU
		{89323820-681F-4A47-8238-4E3EC2A6536F}.Release|x86.Build.0 = Release|Any CPU
		{DAA3BF8F-EC75-4093-8D06-6A1DC89594A9}.Debug|Any CPU.ActiveCfg = Debug|Any CPU
		{DAA3BF8F-EC75-4093-8D06-6A1DC89594A9}.Debug|Any CPU.Build.0 = Debug|Any CPU
		{DAA3BF8F-EC75-4093-8D06-6A1DC89594A9}.Debug|ARM.ActiveCfg = Debug|Any CPU
		{DAA3BF8F-EC75-4093-8D06-6A1DC89594A9}.Debug|ARM.Build.0 = Debug|Any CPU
		{DAA3BF8F-EC75-4093-8D06-6A1DC89594A9}.Debug|ARM64.ActiveCfg = Debug|Any CPU
		{DAA3BF8F-EC75-4093-8D06-6A1DC89594A9}.Debug|ARM64.Build.0 = Debug|Any CPU
		{DAA3BF8F-EC75-4093-8D06-6A1DC89594A9}.Debug|x64.ActiveCfg = Debug|Any CPU
		{DAA3BF8F-EC75-4093-8D06-6A1DC89594A9}.Debug|x64.Build.0 = Debug|Any CPU
		{DAA3BF8F-EC75-4093-8D06-6A1DC89594A9}.Debug|x86.ActiveCfg = Debug|Any CPU
		{DAA3BF8F-EC75-4093-8D06-6A1DC89594A9}.Debug|x86.Build.0 = Debug|Any CPU
		{DAA3BF8F-EC75-4093-8D06-6A1DC89594A9}.Release|Any CPU.ActiveCfg = Release|Any CPU
		{DAA3BF8F-EC75-4093-8D06-6A1DC89594A9}.Release|Any CPU.Build.0 = Release|Any CPU
		{DAA3BF8F-EC75-4093-8D06-6A1DC89594A9}.Release|ARM.ActiveCfg = Release|Any CPU
		{DAA3BF8F-EC75-4093-8D06-6A1DC89594A9}.Release|ARM.Build.0 = Release|Any CPU
		{DAA3BF8F-EC75-4093-8D06-6A1DC89594A9}.Release|ARM64.ActiveCfg = Release|Any CPU
		{DAA3BF8F-EC75-4093-8D06-6A1DC89594A9}.Release|ARM64.Build.0 = Release|Any CPU
		{DAA3BF8F-EC75-4093-8D06-6A1DC89594A9}.Release|x64.ActiveCfg = Release|Any CPU
		{DAA3BF8F-EC75-4093-8D06-6A1DC89594A9}.Release|x64.Build.0 = Release|Any CPU
		{DAA3BF8F-EC75-4093-8D06-6A1DC89594A9}.Release|x86.ActiveCfg = Release|Any CPU
		{DAA3BF8F-EC75-4093-8D06-6A1DC89594A9}.Release|x86.Build.0 = Release|Any CPU
	EndGlobalSection
	GlobalSection(SolutionProperties) = preSolution
		HideSolutionNode = FALSE
	EndGlobalSection
	GlobalSection(ExtensibilityGlobals) = postSolution
		SolutionGuid = {4DF37480-B3AA-4091-B2E6-AC1344C7E579}
	EndGlobalSection
EndGlobal
